Microsoft Visual Studio Solution File, Format Version 12.00
# Visual Studio Version 17
VisualStudioVersion = 17.5.2.0
MinimumVisualStudioVersion = 10.0.40219.1
Project("{FAE04EC0-301F-11D3-BF4B-00C04F79EFBC}") = "Lab1_ComplexityTest", "Lab1_ComplexityTest.csproj", "{2671EB62-41F6-3C94-628A-5EFA5EF0C9F0}"
EndProject
Global
	GlobalSection(SolutionConfigurationPlatforms) = preSolution
		Debug|Any CPU = Debug|Any CPU
		Release|Any CPU = Release|Any CPU
	EndGlobalSection
	GlobalSection(ProjectConfigurationPlatforms) = postSolution
		{2671EB62-41F6-3C94-628A-5EFA5EF0C9F0}.Debug|Any CPU.ActiveCfg = Debug|Any CPU
		{2671EB62-41F6-3C94-628A-5EFA5EF0C9F0}.Debug|Any CPU.Build.0 = Debug|Any CPU
		{2671EB62-41F6-3C94-628A-5EFA5EF0C9F0}.Release|Any CPU.ActiveCfg = Release|Any CPU
		{2671EB62-41F6-3C94-628A-5EFA5EF0C9F0}.Release|Any CPU.Build.0 = Release|Any CPU
	EndGlobalSection
	GlobalSection(SolutionProperties) = preSolution
		HideSolutionNode = FALSE
	EndGlobalSection
	GlobalSection(ExtensibilityGlobals) = postSolution
		SolutionGuid = {A6652B16-0520-4EC5-A915-BCAF0361895E}
	EndGlobalSection
EndGlobal
