Microsoft Visual Studio Solution File, Format Version 12.00
# Visual Studio Version 17
VisualStudioVersion = 17.5.2.0
MinimumVisualStudioVersion = 10.0.40219.1
Project("{FAE04EC0-301F-11D3-BF4B-00C04F79EFBC}") = "Lab3_StacksAndQueues", "Lab3_StacksAndQueues.csproj", "{445AD5D7-9D3F-4C53-EEEC-53A4450DE0F7}"
EndProject
Global
	GlobalSection(SolutionConfigurationPlatforms) = preSolution
		Debug|Any CPU = Debug|Any CPU
		Release|Any CPU = Release|Any CPU
	EndGlobalSection
	GlobalSection(ProjectConfigurationPlatforms) = postSolution
		{445AD5D7-9D3F-4C53-EEEC-53A4450DE0F7}.Debug|Any CPU.ActiveCfg = Debug|Any CPU
		{445AD5D7-9D3F-4C53-EEEC-53A4450DE0F7}.Debug|Any CPU.Build.0 = Debug|Any CPU
		{445AD5D7-9D3F-4C53-EEEC-53A4450DE0F7}.Release|Any CPU.ActiveCfg = Release|Any CPU
		{445AD5D7-9D3F-4C53-EEEC-53A4450DE0F7}.Release|Any CPU.Build.0 = Release|Any CPU
	EndGlobalSection
	GlobalSection(SolutionProperties) = preSolution
		HideSolutionNode = FALSE
	EndGlobalSection
	GlobalSection(ExtensibilityGlobals) = postSolution
		SolutionGuid = {4180D8F6-3B63-4617-A5F7-A04E5FA92955}
	EndGlobalSection
EndGlobal
