Microsoft Visual Studio Solution File, Format Version 12.00
# Visual Studio Version 17
VisualStudioVersion = 17.5.2.0
MinimumVisualStudioVersion = 10.0.40219.1
Project("{FAE04EC0-301F-11D3-BF4B-00C04F79EFBC}") = "Lab5-Sort", "Lab5-Sort.csproj", "{AB818E4C-B42C-8521-B61F-635E0B124043}"
EndProject
Global
	GlobalSection(SolutionConfigurationPlatforms) = preSolution
		Debug|Any CPU = Debug|Any CPU
		Release|Any CPU = Release|Any CPU
	EndGlobalSection
	GlobalSection(ProjectConfigurationPlatforms) = postSolution
		{AB818E4C-B42C-8521-B61F-635E0B124043}.Debug|Any CPU.ActiveCfg = Debug|Any CPU
		{AB818E4C-B42C-8521-B61F-635E0B124043}.Debug|Any CPU.Build.0 = Debug|Any CPU
		{AB818E4C-B42C-8521-B61F-635E0B124043}.Release|Any CPU.ActiveCfg = Release|Any CPU
		{AB818E4C-B42C-8521-B61F-635E0B124043}.Release|Any CPU.Build.0 = Release|Any CPU
	EndGlobalSection
	GlobalSection(SolutionProperties) = preSolution
		HideSolutionNode = FALSE
	EndGlobalSection
	GlobalSection(ExtensibilityGlobals) = postSolution
		SolutionGuid = {14BF74E4-0F48-4114-8506-2A8CBE6239D5}
	EndGlobalSection
EndGlobal
